
Microsoft Visual Studio Solution File, Format Version 12.00
# Visual Studio Version 17
VisualStudioVersion = 17.1.32210.238
MinimumVisualStudioVersion = 10.0.40219.1
Project("{FAE04EC0-301F-11D3-BF4B-00C04F79EFBC}") = "modul8_1302204100", "modul8_1302204100.csproj", "{6B0303D7-833E-4162-8AB4-C80F55476F6E}"
EndProject
Global
	GlobalSection(SolutionConfigurationPlatforms) = preSolution
		Debug|Any CPU = Debug|Any CPU
		Release|Any CPU = Release|Any CPU
	EndGlobalSection
	GlobalSection(ProjectConfigurationPlatforms) = postSolution
		{6B0303D7-833E-4162-8AB4-C80F55476F6E}.Debug|Any CPU.ActiveCfg = Debug|Any CPU
		{6B0303D7-833E-4162-8AB4-C80F55476F6E}.Debug|Any CPU.Build.0 = Debug|Any CPU
		{6B0303D7-833E-4162-8AB4-C80F55476F6E}.Release|Any CPU.ActiveCfg = Release|Any CPU
		{6B0303D7-833E-4162-8AB4-C80F55476F6E}.Release|Any CPU.Build.0 = Release|Any CPU
	EndGlobalSection
	GlobalSection(SolutionProperties) = preSolution
		HideSolutionNode = FALSE
	EndGlobalSection
	GlobalSection(ExtensibilityGlobals) = postSolution
		SolutionGuid = {FF9023FB-5F6F-495D-878C-2EC35BE6B5B4}
	EndGlobalSection
EndGlobal
